
Microsoft Visual Studio Solution File, Format Version 10.00
# Visual Studio 2008
Project("{FAE04EC0-301F-11D3-BF4B-00C04F79EFBC}") = "Snippet", "Snippet\Snippet.csproj", "{B0B0829A-63CE-4625-B8D7-609189B6AC65}"
EndProject
Project("{2150E333-8FDC-42A3-9474-1A3956D46DE8}") = "Libraries", "Libraries", "{A08F599D-BB54-4D2C-8E56-9B71600E9CF7}"
	ProjectSection(SolutionItems) = preProject
		Libraries\antlr.runtime.dll = Libraries\antlr.runtime.dll
		Libraries\DDay.iCal.dll = Libraries\DDay.iCal.dll
		Libraries\itextsharp.dll = Libraries\itextsharp.dll
		Libraries\log4net.dll = Libraries\log4net.dll
		Libraries\Microsoft.Office.Interop.Outlook.dll = Libraries\Microsoft.Office.Interop.Outlook.dll
	EndProjectSection
EndProject
Project("{FAE04EC0-301F-11D3-BF4B-00C04F79EFBC}") = "ExcelDiff", "ExcelDiff\ExcelDiff.csproj", "{FF8688B4-C43F-494C-9763-1BC2EE5A7560}"
EndProject
Project("{FAE04EC0-301F-11D3-BF4B-00C04F79EFBC}") = "Utils", "Utils\Utils.csproj", "{CE3FDC06-0137-42B6-BDC8-F6A37F37A1B3}"
EndProject
Project("{FAE04EC0-301F-11D3-BF4B-00C04F79EFBC}") = "Magnum", "Magnum\Magnum.csproj", "{A54192CA-4F9C-4E3C-9E54-C9824997BA48}"
EndProject
Project("{FAE04EC0-301F-11D3-BF4B-00C04F79EFBC}") = "KeyboardVisualizer", "KeyboardVisualizer\KeyboardVisualizer.csproj", "{64EF6AB2-9799-43B9-98C7-7D0B883644B8}"
EndProject
Project("{FAE04EC0-301F-11D3-BF4B-00C04F79EFBC}") = "Snippet.Test", "Snippet.Test\Snippet.Test.csproj", "{962F2D14-D5F7-4F53-8266-88E1F3F00275}"
EndProject
Project("{2150E333-8FDC-42A3-9474-1A3956D46DE8}") = "Solution Items", "Solution Items", "{673A27A0-778B-432B-B2AE-ECF776AC8123}"
	ProjectSection(SolutionItems) = preProject
		LocalTestRun.testrunconfig = LocalTestRun.testrunconfig
		SnippetSolution.vsmdi = SnippetSolution.vsmdi
	EndProjectSection
EndProject
Project("{FAE04EC0-301F-11D3-BF4B-00C04F79EFBC}") = "Keyboard.Test", "Keyboard.Test\Keyboard.Test.csproj", "{BEEED3B3-5101-4BF2-AC1E-83D6077E43D5}"
EndProject
Global
	GlobalSection(TestCaseManagementSettings) = postSolution
		CategoryFile = SnippetSolution.vsmdi
	EndGlobalSection
	GlobalSection(SolutionConfigurationPlatforms) = preSolution
		Debug|.NET = Debug|.NET
		Debug|Any CPU = Debug|Any CPU
		Debug|Mixed Platforms = Debug|Mixed Platforms
		Release|.NET = Release|.NET
		Release|Any CPU = Release|Any CPU
		Release|Mixed Platforms = Release|Mixed Platforms
	EndGlobalSection
	GlobalSection(ProjectConfigurationPlatforms) = postSolution
		{B0B0829A-63CE-4625-B8D7-609189B6AC65}.Debug|.NET.ActiveCfg = Debug|Any CPU
		{B0B0829A-63CE-4625-B8D7-609189B6AC65}.Debug|Any CPU.ActiveCfg = Debug|Any CPU
		{B0B0829A-63CE-4625-B8D7-609189B6AC65}.Debug|Any CPU.Build.0 = Debug|Any CPU
		{B0B0829A-63CE-4625-B8D7-609189B6AC65}.Debug|Mixed Platforms.ActiveCfg = Debug|Any CPU
		{B0B0829A-63CE-4625-B8D7-609189B6AC65}.Debug|Mixed Platforms.Build.0 = Debug|Any CPU
		{B0B0829A-63CE-4625-B8D7-609189B6AC65}.Release|.NET.ActiveCfg = Release|Any CPU
		{B0B0829A-63CE-4625-B8D7-609189B6AC65}.Release|Any CPU.ActiveCfg = Release|Any CPU
		{B0B0829A-63CE-4625-B8D7-609189B6AC65}.Release|Any CPU.Build.0 = Release|Any CPU
		{B0B0829A-63CE-4625-B8D7-609189B6AC65}.Release|Mixed Platforms.ActiveCfg = Release|Any CPU
		{B0B0829A-63CE-4625-B8D7-609189B6AC65}.Release|Mixed Platforms.Build.0 = Release|Any CPU
		{FF8688B4-C43F-494C-9763-1BC2EE5A7560}.Debug|.NET.ActiveCfg = Debug|Any CPU
		{FF8688B4-C43F-494C-9763-1BC2EE5A7560}.Debug|Any CPU.ActiveCfg = Debug|Any CPU
		{FF8688B4-C43F-494C-9763-1BC2EE5A7560}.Debug|Any CPU.Build.0 = Debug|Any CPU
		{FF8688B4-C43F-494C-9763-1BC2EE5A7560}.Debug|Mixed Platforms.ActiveCfg = Debug|Any CPU
		{FF8688B4-C43F-494C-9763-1BC2EE5A7560}.Release|.NET.ActiveCfg = Release|Any CPU
		{FF8688B4-C43F-494C-9763-1BC2EE5A7560}.Release|Any CPU.ActiveCfg = Release|Any CPU
		{FF8688B4-C43F-494C-9763-1BC2EE5A7560}.Release|Any CPU.Build.0 = Release|Any CPU
		{FF8688B4-C43F-494C-9763-1BC2EE5A7560}.Release|Mixed Platforms.ActiveCfg = Release|Any CPU
		{FF8688B4-C43F-494C-9763-1BC2EE5A7560}.Release|Mixed Platforms.Build.0 = Release|Any CPU
		{CE3FDC06-0137-42B6-BDC8-F6A37F37A1B3}.Debug|.NET.ActiveCfg = Debug|Any CPU
		{CE3FDC06-0137-42B6-BDC8-F6A37F37A1B3}.Debug|Any CPU.ActiveCfg = Debug|Any CPU
		{CE3FDC06-0137-42B6-BDC8-F6A37F37A1B3}.Debug|Any CPU.Build.0 = Debug|Any CPU
		{CE3FDC06-0137-42B6-BDC8-F6A37F37A1B3}.Debug|Mixed Platforms.ActiveCfg = Debug|Any CPU
		{CE3FDC06-0137-42B6-BDC8-F6A37F37A1B3}.Debug|Mixed Platforms.Build.0 = Debug|Any CPU
		{CE3FDC06-0137-42B6-BDC8-F6A37F37A1B3}.Release|.NET.ActiveCfg = Release|Any CPU
		{CE3FDC06-0137-42B6-BDC8-F6A37F37A1B3}.Release|Any CPU.ActiveCfg = Release|Any CPU
		{CE3FDC06-0137-42B6-BDC8-F6A37F37A1B3}.Release|Any CPU.Build.0 = Release|Any CPU
		{CE3FDC06-0137-42B6-BDC8-F6A37F37A1B3}.Release|Mixed Platforms.ActiveCfg = Release|Any CPU
		{CE3FDC06-0137-42B6-BDC8-F6A37F37A1B3}.Release|Mixed Platforms.Build.0 = Release|Any CPU
		{A54192CA-4F9C-4E3C-9E54-C9824997BA48}.Debug|.NET.ActiveCfg = Debug|Any CPU
		{A54192CA-4F9C-4E3C-9E54-C9824997BA48}.Debug|Any CPU.ActiveCfg = Debug|Any CPU
		{A54192CA-4F9C-4E3C-9E54-C9824997BA48}.Debug|Any CPU.Build.0 = Debug|Any CPU
		{A54192CA-4F9C-4E3C-9E54-C9824997BA48}.Debug|Mixed Platforms.ActiveCfg = Debug|Any CPU
		{A54192CA-4F9C-4E3C-9E54-C9824997BA48}.Debug|Mixed Platforms.Build.0 = Debug|Any CPU
		{A54192CA-4F9C-4E3C-9E54-C9824997BA48}.Release|.NET.ActiveCfg = Release|Any CPU
		{A54192CA-4F9C-4E3C-9E54-C9824997BA48}.Release|Any CPU.ActiveCfg = Release|Any CPU
		{A54192CA-4F9C-4E3C-9E54-C9824997BA48}.Release|Any CPU.Build.0 = Release|Any CPU
		{A54192CA-4F9C-4E3C-9E54-C9824997BA48}.Release|Mixed Platforms.ActiveCfg = Release|Any CPU
		{A54192CA-4F9C-4E3C-9E54-C9824997BA48}.Release|Mixed Platforms.Build.0 = Release|Any CPU
		{64EF6AB2-9799-43B9-98C7-7D0B883644B8}.Debug|.NET.ActiveCfg = Debug|Any CPU
		{64EF6AB2-9799-43B9-98C7-7D0B883644B8}.Debug|Any CPU.ActiveCfg = Debug|Any CPU
		{64EF6AB2-9799-43B9-98C7-7D0B883644B8}.Debug|Any CPU.Build.0 = Debug|Any CPU
		{64EF6AB2-9799-43B9-98C7-7D0B883644B8}.Debug|Mixed Platforms.ActiveCfg = Debug|Any CPU
		{64EF6AB2-9799-43B9-98C7-7D0B883644B8}.Debug|Mixed Platforms.Build.0 = Debug|Any CPU
		{64EF6AB2-9799-43B9-98C7-7D0B883644B8}.Release|.NET.ActiveCfg = Release|Any CPU
		{64EF6AB2-9799-43B9-98C7-7D0B883644B8}.Release|Any CPU.ActiveCfg = Release|Any CPU
		{64EF6AB2-9799-43B9-98C7-7D0B883644B8}.Release|Any CPU.Build.0 = Release|Any CPU
		{64EF6AB2-9799-43B9-98C7-7D0B883644B8}.Release|Mixed Platforms.ActiveCfg = Release|Any CPU
		{64EF6AB2-9799-43B9-98C7-7D0B883644B8}.Release|Mixed Platforms.Build.0 = Release|Any CPU
		{962F2D14-D5F7-4F53-8266-88E1F3F00275}.Debug|.NET.ActiveCfg = Debug|Any CPU
		{962F2D14-D5F7-4F53-8266-88E1F3F00275}.Debug|Any CPU.ActiveCfg = Debug|Any CPU
		{962F2D14-D5F7-4F53-8266-88E1F3F00275}.Debug|Any CPU.Build.0 = Debug|Any CPU
		{962F2D14-D5F7-4F53-8266-88E1F3F00275}.Debug|Mixed Platforms.ActiveCfg = Debug|Any CPU
		{962F2D14-D5F7-4F53-8266-88E1F3F00275}.Debug|Mixed Platforms.Build.0 = Debug|Any CPU
		{962F2D14-D5F7-4F53-8266-88E1F3F00275}.Release|.NET.ActiveCfg = Release|Any CPU
		{962F2D14-D5F7-4F53-8266-88E1F3F00275}.Release|Any CPU.ActiveCfg = Release|Any CPU
		{962F2D14-D5F7-4F53-8266-88E1F3F00275}.Release|Any CPU.Build.0 = Release|Any CPU
		{962F2D14-D5F7-4F53-8266-88E1F3F00275}.Release|Mixed Platforms.ActiveCfg = Release|Any CPU
		{962F2D14-D5F7-4F53-8266-88E1F3F00275}.Release|Mixed Platforms.Build.0 = Release|Any CPU
		{BEEED3B3-5101-4BF2-AC1E-83D6077E43D5}.Debug|.NET.ActiveCfg = Debug|Any CPU
		{BEEED3B3-5101-4BF2-AC1E-83D6077E43D5}.Debug|Any CPU.ActiveCfg = Debug|Any CPU
		{BEEED3B3-5101-4BF2-AC1E-83D6077E43D5}.Debug|Any CPU.Build.0 = Debug|Any CPU
		{BEEED3B3-5101-4BF2-AC1E-83D6077E43D5}.Debug|Mixed Platforms.ActiveCfg = Debug|Any CPU
		{BEEED3B3-5101-4BF2-AC1E-83D6077E43D5}.Debug|Mixed Platforms.Build.0 = Debug|Any CPU
		{BEEED3B3-5101-4BF2-AC1E-83D6077E43D5}.Release|.NET.ActiveCfg = Release|Any CPU
		{BEEED3B3-5101-4BF2-AC1E-83D6077E43D5}.Release|Any CPU.ActiveCfg = Release|Any CPU
		{BEEED3B3-5101-4BF2-AC1E-83D6077E43D5}.Release|Any CPU.Build.0 = Release|Any CPU
		{BEEED3B3-5101-4BF2-AC1E-83D6077E43D5}.Release|Mixed Platforms.ActiveCfg = Release|Any CPU
		{BEEED3B3-5101-4BF2-AC1E-83D6077E43D5}.Release|Mixed Platforms.Build.0 = Release|Any CPU
	EndGlobalSection
	GlobalSection(SolutionProperties) = preSolution
		HideSolutionNode = FALSE
	EndGlobalSection
EndGlobal
